{
  "lockfile_version": "1",
  "packages": {
    "delve@latest": {
      "last_modified": "2024-06-12T20:55:33Z",
      "resolved": "github:NixOS/nixpkgs/a9858885e197f984d92d7fe64e9fff6b2e488d40#delve",
      "source": "devbox-search",
      "version": "1.22.1",
      "systems": {
        "aarch64-darwin": {
          "outputs": [
            {
              "name": "out",
              "path": "/nix/store/w6k9db28jf6p1zsgcldpb4fxp75mr5r1-delve-1.22.1",
              "default": true
            }
          ],
          "store_path": "/nix/store/w6k9db28jf6p1zsgcldpb4fxp75mr5r1-delve-1.22.1"
        },
        "aarch64-linux": {
          "outputs": [
            {
              "name": "out",
              "path": "/nix/store/76n6px6dv3v9m22a23qpkvnl307xvsfw-delve-1.22.1",
              "default": true
            }
          ],
          "store_path": "/nix/store/76n6px6dv3v9m22a23qpkvnl307xvsfw-delve-1.22.1"
        },
        "x86_64-darwin": {
          "outputs": [
            {
              "name": "out",
              "path": "/nix/store/i7lqc1abwjw0g5cwj0rw7s3xgp557mrg-delve-1.22.1",
              "default": true
            }
          ],
          "store_path": "/nix/store/i7lqc1abwjw0g5cwj0rw7s3xgp557mrg-delve-1.22.1"
        },
        "x86_64-linux": {
          "outputs": [
            {
              "name": "out",
              "path": "/nix/store/c49rj5546n8drf4nidzrbwvp80pvdmfp-delve-1.22.1",
              "default": true
            }
          ],
          "store_path": "/nix/store/c49rj5546n8drf4nidzrbwvp80pvdmfp-delve-1.22.1"
        }
      }
    },
    "direnv@latest": {
      "last_modified": "2024-06-12T20:55:33Z",
      "resolved": "github:NixOS/nixpkgs/a9858885e197f984d92d7fe64e9fff6b2e488d40#direnv",
      "source": "devbox-search",
      "version": "2.34.0",
      "systems": {
        "aarch64-darwin": {
          "outputs": [
            {
              "name": "out",
              "path": "/nix/store/q71rzcnj4kpv6pp7alasws5si5dp216c-direnv-2.34.0",
              "default": true
            }
          ],
          "store_path": "/nix/store/q71rzcnj4kpv6pp7alasws5si5dp216c-direnv-2.34.0"
        },
        "aarch64-linux": {
          "outputs": [
            {
              "name": "out",
              "path": "/nix/store/5cv7hv9mzzq80h8mqnna7ba8glaqc7p2-direnv-2.34.0",
              "default": true
            }
          ],
          "store_path": "/nix/store/5cv7hv9mzzq80h8mqnna7ba8glaqc7p2-direnv-2.34.0"
        },
        "x86_64-darwin": {
          "outputs": [
            {
              "name": "out",
              "path": "/nix/store/a20bqjv5rbch87cfkf37rhvx6wv7x9l7-direnv-2.34.0",
              "default": true
            }
          ],
          "store_path": "/nix/store/a20bqjv5rbch87cfkf37rhvx6wv7x9l7-direnv-2.34.0"
        },
        "x86_64-linux": {
          "outputs": [
            {
              "name": "out",
              "path": "/nix/store/q161ialkxk9anr9z7adbi9qwc43s7819-direnv-2.34.0",
              "default": true
            }
          ],
          "store_path": "/nix/store/q161ialkxk9anr9z7adbi9qwc43s7819-direnv-2.34.0"
        }
      }
    },
    "gh@2.52.0": {
      "last_modified": "2024-06-25T03:12:51Z",
      "resolved": "github:NixOS/nixpkgs/cfb89a95f19bea461fc37228dc4d07b22fe617c2#gh",
      "source": "devbox-search",
      "version": "2.52.0",
      "systems": {
        "aarch64-darwin": {
          "outputs": [
            {
              "name": "out",
              "path": "/nix/store/mad7r7xcw0wbhvg9czrw5hwc6906i7h4-gh-2.52.0",
              "default": true
            }
          ],
          "store_path": "/nix/store/mad7r7xcw0wbhvg9czrw5hwc6906i7h4-gh-2.52.0"
        },
        "aarch64-linux": {
          "outputs": [
            {
              "name": "out",
              "path": "/nix/store/9v5zpk6pfizpi64smrapw28lfn4lp9zd-gh-2.52.0",
              "default": true
            }
          ],
          "store_path": "/nix/store/9v5zpk6pfizpi64smrapw28lfn4lp9zd-gh-2.52.0"
        },
        "x86_64-darwin": {
          "outputs": [
            {
              "name": "out",
              "path": "/nix/store/xya7si2ss204p0xl89whmdqr840r1r2q-gh-2.52.0",
              "default": true
            }
          ],
          "store_path": "/nix/store/xya7si2ss204p0xl89whmdqr840r1r2q-gh-2.52.0"
        },
        "x86_64-linux": {
          "outputs": [
            {
              "name": "out",
              "path": "/nix/store/vff2gc5q5hx3xygq40aad6vbnij2l3cv-gh-2.52.0",
              "default": true
            }
          ],
          "store_path": "/nix/store/vff2gc5q5hx3xygq40aad6vbnij2l3cv-gh-2.52.0"
        }
      }
    },
    "git@2.45.1": {
      "last_modified": "2024-06-12T20:55:33Z",
      "resolved": "github:NixOS/nixpkgs/a9858885e197f984d92d7fe64e9fff6b2e488d40#git",
      "source": "devbox-search",
      "version": "2.45.1",
      "systems": {
        "aarch64-darwin": {
          "outputs": [
            {
              "name": "out",
              "path": "/nix/store/lfg94jm4cgdnviyzfb4qi5dl94ivf3qk-git-2.45.1",
              "default": true
            },
            {
              "name": "doc",
              "path": "/nix/store/fx9bjrg4vgkkb04pbiq3pisxj4aippxk-git-2.45.1-doc"
            }
          ],
          "store_path": "/nix/store/lfg94jm4cgdnviyzfb4qi5dl94ivf3qk-git-2.45.1"
        },
        "aarch64-linux": {
          "outputs": [
            {
              "name": "out",
              "path": "/nix/store/ndw4d3hgsy7d7dfg2z7a5q2amin2d9r5-git-2.45.1",
              "default": true
            },
            {
              "name": "doc",
              "path": "/nix/store/5yz7i6i36crczabprnmcql484bs9bpcp-git-2.45.1-doc"
            },
            {
              "name": "debug",
              "path": "/nix/store/srka3qivr7p6dbfppz40hqapvzs1pnff-git-2.45.1-debug"
            }
          ],
          "store_path": "/nix/store/ndw4d3hgsy7d7dfg2z7a5q2amin2d9r5-git-2.45.1"
        },
        "x86_64-darwin": {
          "outputs": [
            {
              "name": "out",
              "path": "/nix/store/5hkhxkqzwyak9ji766885jm98pgkxxjx-git-2.45.1",
              "default": true
            },
            {
              "name": "doc",
              "path": "/nix/store/f41zpwrc7ddprr9mydn8j00vsbvs3z63-git-2.45.1-doc"
            }
          ],
          "store_path": "/nix/store/5hkhxkqzwyak9ji766885jm98pgkxxjx-git-2.45.1"
        },
        "x86_64-linux": {
          "outputs": [
            {
              "name": "out",
              "path": "/nix/store/jsbha1gg6lzzj7icrg3h0npgm8vwf80c-git-2.45.1",
              "default": true
            },
            {
              "name": "debug",
              "path": "/nix/store/4r2pm5la8w0zl12lqf6lwg8ycq28jbll-git-2.45.1-debug"
            },
            {
              "name": "doc",
              "path": "/nix/store/ba7r274fm1v4r9zfgjr4qfsby1hxikgc-git-2.45.1-doc"
            }
          ],
          "store_path": "/nix/store/jsbha1gg6lzzj7icrg3h0npgm8vwf80c-git-2.45.1"
        }
      }
    },
    "go@latest": {
      "last_modified": "2024-06-12T20:55:33Z",
      "resolved": "github:NixOS/nixpkgs/a9858885e197f984d92d7fe64e9fff6b2e488d40#go",
      "source": "devbox-search",
      "version": "1.22.3",
      "systems": {
        "aarch64-darwin": {
          "outputs": [
            {
              "name": "out",
              "path": "/nix/store/m4ip3yyqg4k2pilbyfczgiy8xqvh4554-go-1.22.3",
              "default": true
            }
          ],
          "store_path": "/nix/store/m4ip3yyqg4k2pilbyfczgiy8xqvh4554-go-1.22.3"
        },
        "aarch64-linux": {
          "outputs": [
            {
              "name": "out",
              "path": "/nix/store/iz2bp36nbgp2l7day14186nmw2v4v0qg-go-1.22.3",
              "default": true
            }
          ],
          "store_path": "/nix/store/iz2bp36nbgp2l7day14186nmw2v4v0qg-go-1.22.3"
        },
        "x86_64-darwin": {
          "outputs": [
            {
              "name": "out",
              "path": "/nix/store/gl1vr9lznqg5zv2f0bvh0q469k82mjz0-go-1.22.3",
              "default": true
            }
          ],
          "store_path": "/nix/store/gl1vr9lznqg5zv2f0bvh0q469k82mjz0-go-1.22.3"
        },
        "x86_64-linux": {
          "outputs": [
            {
              "name": "out",
              "path": "/nix/store/vz8d6wmfcf38l3h3vymwqr6c5zxp5jmp-go-1.22.3",
              "default": true
            }
          ],
          "store_path": "/nix/store/vz8d6wmfcf38l3h3vymwqr6c5zxp5jmp-go-1.22.3"
        }
      }
    },
    "mkcert@latest": {
      "last_modified": "2024-06-12T20:55:33Z",
      "resolved": "github:NixOS/nixpkgs/a9858885e197f984d92d7fe64e9fff6b2e488d40#mkcert",
      "source": "devbox-search",
      "version": "1.4.4",
      "systems": {
        "aarch64-darwin": {
          "outputs": [
            {
              "name": "out",
              "path": "/nix/store/j9b7w10dd41cmda2n891nwng34swcm25-mkcert-1.4.4",
              "default": true
            }
          ],
          "store_path": "/nix/store/j9b7w10dd41cmda2n891nwng34swcm25-mkcert-1.4.4"
        },
        "aarch64-linux": {
          "outputs": [
            {
              "name": "out",
              "path": "/nix/store/nfsvccqjmi83blq1xqyly8czpa31xbsh-mkcert-1.4.4",
              "default": true
            }
          ],
          "store_path": "/nix/store/nfsvccqjmi83blq1xqyly8czpa31xbsh-mkcert-1.4.4"
        },
        "x86_64-darwin": {
          "outputs": [
            {
              "name": "out",
              "path": "/nix/store/lppnc9w588pqbnpl90kf8hz5qs8vmqx4-mkcert-1.4.4",
              "default": true
            }
          ],
          "store_path": "/nix/store/lppnc9w588pqbnpl90kf8hz5qs8vmqx4-mkcert-1.4.4"
        },
        "x86_64-linux": {
          "outputs": [
            {
              "name": "out",
              "path": "/nix/store/b3jfj4yvg4riy8s5c3gk9ccgj7ch7lc5-mkcert-1.4.4",
              "default": true
            }
          ],
          "store_path": "/nix/store/b3jfj4yvg4riy8s5c3gk9ccgj7ch7lc5-mkcert-1.4.4"
        }
      }
    },
    "neovim@latest": {
      "last_modified": "2024-06-12T20:55:33Z",
      "resolved": "github:NixOS/nixpkgs/a9858885e197f984d92d7fe64e9fff6b2e488d40#neovim",
      "source": "devbox-search",
      "version": "0.10.0",
      "systems": {
        "aarch64-darwin": {
          "outputs": [
            {
              "name": "out",
              "path": "/nix/store/kkrn8l5nzbc772s00x5n377my7vv6acc-neovim-0.10.0",
              "default": true
            }
          ],
          "store_path": "/nix/store/kkrn8l5nzbc772s00x5n377my7vv6acc-neovim-0.10.0"
        },
        "aarch64-linux": {
          "outputs": [
            {
              "name": "out",
              "path": "/nix/store/1f09jdd8x8r6bx9nc0yrxbigv2qy84b2-neovim-0.10.0",
              "default": true
            }
          ],
          "store_path": "/nix/store/1f09jdd8x8r6bx9nc0yrxbigv2qy84b2-neovim-0.10.0"
        },
        "x86_64-darwin": {
          "outputs": [
            {
              "name": "out",
              "path": "/nix/store/s4dg20drq7lx89ilxb0bdyqhigi79ycb-neovim-0.10.0",
              "default": true
            }
          ],
          "store_path": "/nix/store/s4dg20drq7lx89ilxb0bdyqhigi79ycb-neovim-0.10.0"
        },
        "x86_64-linux": {
          "outputs": [
            {
              "name": "out",
              "path": "/nix/store/wv8sifkxz08klx563vsyqfm000gsk34i-neovim-0.10.0",
              "default": true
            }
          ],
          "store_path": "/nix/store/wv8sifkxz08klx563vsyqfm000gsk34i-neovim-0.10.0"
        }
      }
    },
    "nss@latest": {
      "last_modified": "2024-07-04T01:58:53Z",
      "resolved": "github:NixOS/nixpkgs/6842b061970bf96965d66fcc86a28e1f719aae95#nss",
      "source": "devbox-search",
      "version": "3.90.2",
      "systems": {
        "aarch64-darwin": {
          "outputs": [
            {
              "name": "out",
              "path": "/nix/store/i3xpf3p779vz9gsvkn42kl8p7xp294dq-nss-3.90.2",
              "default": true
            },
            {
              "name": "dev",
              "path": "/nix/store/al1qhf5nxkhi4bp4s5sng35ak5xgx8kw-nss-3.90.2-dev"
            },
            {
              "name": "tools",
              "path": "/nix/store/lfhfqq8xxp85lhqjn70gdqxf0k9gbx8f-nss-3.90.2-tools"
            }
          ],
          "store_path": "/nix/store/i3xpf3p779vz9gsvkn42kl8p7xp294dq-nss-3.90.2"
        },
        "aarch64-linux": {
          "outputs": [
            {
              "name": "out",
              "path": "/nix/store/qc3px87rngm5yawc4j7ij208gsjqdjl6-nss-3.90.2",
              "default": true
            },
            {
              "name": "dev",
              "path": "/nix/store/i639c9irq3qfhgqicc0skkigrmmjm78d-nss-3.90.2-dev"
            },
            {
              "name": "tools",
              "path": "/nix/store/gs4mv829kf58pgm0r0521y50dwrrgbm8-nss-3.90.2-tools"
            }
          ],
          "store_path": "/nix/store/qc3px87rngm5yawc4j7ij208gsjqdjl6-nss-3.90.2"
        },
        "x86_64-darwin": {
          "outputs": [
            {
              "name": "out",
              "path": "/nix/store/ywfvins8rgqmlq5wkv0rb0xgkg1rym2f-nss-3.90.2",
              "default": true
            },
            {
              "name": "dev",
              "path": "/nix/store/fj8cb8wds2wwad9824i7pri7qkcgvz4g-nss-3.90.2-dev"
            },
            {
              "name": "tools",
              "path": "/nix/store/pgdb0zfn7g3jc801zigm0z1lzr9rwnw7-nss-3.90.2-tools"
            }
          ],
          "store_path": "/nix/store/ywfvins8rgqmlq5wkv0rb0xgkg1rym2f-nss-3.90.2"
        },
        "x86_64-linux": {
          "outputs": [
            {
              "name": "out",
              "path": "/nix/store/ki3jhy296p3h4ksvwj9xfysb012v7xir-nss-3.90.2",
              "default": true
            },
            {
              "name": "tools",
              "path": "/nix/store/av7siy13mfsirr9zv6v90dd22bpdndh4-nss-3.90.2-tools"
            },
            {
              "name": "dev",
              "path": "/nix/store/w22cs6j935mngrr3snz3b9rp7wxh1c5j-nss-3.90.2-dev"
            }
          ],
          "store_path": "/nix/store/ki3jhy296p3h4ksvwj9xfysb012v7xir-nss-3.90.2"
        }
      }
    }
  }
}
