{
  "lockfile_version": "1",
  "packages": {
    "delve@latest": {
      "last_modified": "2024-05-29T10:04:41Z",
      "resolved": "github:NixOS/nixpkgs/ac82a513e55582291805d6f09d35b6d8b60637a1#delve",
      "source": "devbox-search",
      "version": "1.22.1",
      "systems": {
        "aarch64-darwin": {
          "outputs": [
            {
              "name": "out",
              "path": "/nix/store/w6k9db28jf6p1zsgcldpb4fxp75mr5r1-delve-1.22.1",
              "default": true
            }
          ],
          "store_path": "/nix/store/w6k9db28jf6p1zsgcldpb4fxp75mr5r1-delve-1.22.1"
        },
        "aarch64-linux": {
          "outputs": [
            {
              "name": "out",
              "path": "/nix/store/76n6px6dv3v9m22a23qpkvnl307xvsfw-delve-1.22.1",
              "default": true
            }
          ],
          "store_path": "/nix/store/76n6px6dv3v9m22a23qpkvnl307xvsfw-delve-1.22.1"
        },
        "x86_64-darwin": {
          "outputs": [
            {
              "name": "out",
              "path": "/nix/store/9l98a3g6j9l66mxjbwilcl3xbf2j4fxv-delve-1.22.1",
              "default": true
            }
          ],
          "store_path": "/nix/store/9l98a3g6j9l66mxjbwilcl3xbf2j4fxv-delve-1.22.1"
        },
        "x86_64-linux": {
          "outputs": [
            {
              "name": "out",
              "path": "/nix/store/32r71cl5f0fyq5rhjccppz4xcj4cm3hk-delve-1.22.1",
              "default": true
            }
          ],
          "store_path": "/nix/store/32r71cl5f0fyq5rhjccppz4xcj4cm3hk-delve-1.22.1"
        }
      }
    },
    "direnv@latest": {
      "last_modified": "2024-06-11T07:07:27Z",
      "resolved": "github:NixOS/nixpkgs/f7207adcc68d9cafa29e3cd252a18743ae512c6a#direnv",
      "source": "devbox-search",
      "version": "2.34.0",
      "systems": {
        "aarch64-darwin": {
          "outputs": [
            {
              "name": "out",
              "path": "/nix/store/q71rzcnj4kpv6pp7alasws5si5dp216c-direnv-2.34.0",
              "default": true
            }
          ],
          "store_path": "/nix/store/q71rzcnj4kpv6pp7alasws5si5dp216c-direnv-2.34.0"
        },
        "aarch64-linux": {
          "outputs": [
            {
              "name": "out",
              "path": "/nix/store/sa20yrbns73qva4idcj895j5af04brws-direnv-2.34.0",
              "default": true
            }
          ],
          "store_path": "/nix/store/sa20yrbns73qva4idcj895j5af04brws-direnv-2.34.0"
        },
        "x86_64-darwin": {
          "outputs": [
            {
              "name": "out",
              "path": "/nix/store/f36shldnlxalh7ir5hdhmnp9qrmqgqph-direnv-2.34.0",
              "default": true
            }
          ],
          "store_path": "/nix/store/f36shldnlxalh7ir5hdhmnp9qrmqgqph-direnv-2.34.0"
        },
        "x86_64-linux": {
          "outputs": [
            {
              "name": "out",
              "path": "/nix/store/81cqmrlp1x77139nsx0s5jjqk6jxxxxw-direnv-2.34.0",
              "default": true
            }
          ],
          "store_path": "/nix/store/81cqmrlp1x77139nsx0s5jjqk6jxxxxw-direnv-2.34.0"
        }
      }
    },
    "go@latest": {
      "last_modified": "2024-05-22T06:18:38Z",
      "resolved": "github:NixOS/nixpkgs/3f316d2a50699a78afe5e77ca486ad553169061e#go",
      "source": "devbox-search",
      "version": "1.22.3",
      "systems": {
        "aarch64-darwin": {
          "outputs": [
            {
              "name": "out",
              "path": "/nix/store/i04a1a6qgxhjw6c0ld2b3x1v815sbxjc-go-1.22.3",
              "default": true
            }
          ],
          "store_path": "/nix/store/i04a1a6qgxhjw6c0ld2b3x1v815sbxjc-go-1.22.3"
        },
        "aarch64-linux": {
          "outputs": [
            {
              "name": "out",
              "path": "/nix/store/d68f2iblysnl0r4qcfdacmdpmvvy86kf-go-1.22.3",
              "default": true
            }
          ],
          "store_path": "/nix/store/d68f2iblysnl0r4qcfdacmdpmvvy86kf-go-1.22.3"
        },
        "x86_64-darwin": {
          "outputs": [
            {
              "name": "out",
              "path": "/nix/store/1p6vr83cgyfwm8517jhfmf6lypzhy3q2-go-1.22.3",
              "default": true
            }
          ],
          "store_path": "/nix/store/1p6vr83cgyfwm8517jhfmf6lypzhy3q2-go-1.22.3"
        },
        "x86_64-linux": {
          "outputs": [
            {
              "name": "out",
              "path": "/nix/store/00mg4vlhzmm7gi9bd5v5ydjlgrywpc3n-go-1.22.3",
              "default": true
            }
          ],
          "store_path": "/nix/store/00mg4vlhzmm7gi9bd5v5ydjlgrywpc3n-go-1.22.3"
        }
      }
    },
    "mkcert@latest": {
      "last_modified": "2024-06-12T20:55:33Z",
      "resolved": "github:NixOS/nixpkgs/a9858885e197f984d92d7fe64e9fff6b2e488d40#mkcert",
      "source": "devbox-search",
      "version": "1.4.4",
      "systems": {
        "aarch64-darwin": {
          "outputs": [
            {
              "name": "out",
              "path": "/nix/store/kkyymlr5q8vfl042zf31xb9jwjd5ixqd-mkcert-1.4.4",
              "default": true
            }
          ],
          "store_path": "/nix/store/kkyymlr5q8vfl042zf31xb9jwjd5ixqd-mkcert-1.4.4"
        },
        "aarch64-linux": {
          "outputs": [
            {
              "name": "out",
              "path": "/nix/store/674nn7fj1syliz2bnr7xkl1pcxby6mjq-mkcert-1.4.4",
              "default": true
            }
          ],
          "store_path": "/nix/store/674nn7fj1syliz2bnr7xkl1pcxby6mjq-mkcert-1.4.4"
        },
        "x86_64-darwin": {
          "outputs": [
            {
              "name": "out",
              "path": "/nix/store/lppnc9w588pqbnpl90kf8hz5qs8vmqx4-mkcert-1.4.4",
              "default": true
            }
          ],
          "store_path": "/nix/store/lppnc9w588pqbnpl90kf8hz5qs8vmqx4-mkcert-1.4.4"
        },
        "x86_64-linux": {
          "outputs": [
            {
              "name": "out",
              "path": "/nix/store/b3jfj4yvg4riy8s5c3gk9ccgj7ch7lc5-mkcert-1.4.4",
              "default": true
            }
          ],
          "store_path": "/nix/store/b3jfj4yvg4riy8s5c3gk9ccgj7ch7lc5-mkcert-1.4.4"
        }
      }
    },
    "neovim@latest": {
      "last_modified": "2024-06-12T20:55:33Z",
      "resolved": "github:NixOS/nixpkgs/a9858885e197f984d92d7fe64e9fff6b2e488d40#neovim",
      "source": "devbox-search",
      "version": "0.10.0",
      "systems": {
        "aarch64-darwin": {
          "outputs": [
            {
              "name": "out",
              "path": "/nix/store/64bn8ps18dpwb6g0pmiwgfq619mlzglm-neovim-0.10.0",
              "default": true
            }
          ],
          "store_path": "/nix/store/64bn8ps18dpwb6g0pmiwgfq619mlzglm-neovim-0.10.0"
        },
        "aarch64-linux": {
          "outputs": [
            {
              "name": "out",
              "path": "/nix/store/wkqgnh2qxbdssgnd98ypls4kb9vg4ahx-neovim-0.10.0",
              "default": true
            }
          ],
          "store_path": "/nix/store/wkqgnh2qxbdssgnd98ypls4kb9vg4ahx-neovim-0.10.0"
        },
        "x86_64-darwin": {
          "outputs": [
            {
              "name": "out",
              "path": "/nix/store/7wi6j05kpzcs90g9g10s5r9dnr8l83a7-neovim-0.10.0",
              "default": true
            }
          ],
          "store_path": "/nix/store/7wi6j05kpzcs90g9g10s5r9dnr8l83a7-neovim-0.10.0"
        },
        "x86_64-linux": {
          "outputs": [
            {
              "name": "out",
              "path": "/nix/store/wv8sifkxz08klx563vsyqfm000gsk34i-neovim-0.10.0",
              "default": true
            }
          ],
          "store_path": "/nix/store/wv8sifkxz08klx563vsyqfm000gsk34i-neovim-0.10.0"
        }
      }
    },
    "nss@latest": {
      "last_modified": "2024-06-19T22:49:28Z",
      "resolved": "github:NixOS/nixpkgs/98053e7c05285b3079af95e99aef97d9455faef7#nss",
      "source": "devbox-search",
      "version": "3.90.2",
      "systems": {
        "aarch64-darwin": {
          "outputs": [
            {
              "name": "out",
              "path": "/nix/store/i3xpf3p779vz9gsvkn42kl8p7xp294dq-nss-3.90.2",
              "default": true
            },
            {
              "name": "dev",
              "path": "/nix/store/al1qhf5nxkhi4bp4s5sng35ak5xgx8kw-nss-3.90.2-dev"
            },
            {
              "name": "tools",
              "path": "/nix/store/lfhfqq8xxp85lhqjn70gdqxf0k9gbx8f-nss-3.90.2-tools"
            }
          ],
          "store_path": "/nix/store/i3xpf3p779vz9gsvkn42kl8p7xp294dq-nss-3.90.2"
        },
        "aarch64-linux": {
          "outputs": [
            {
              "name": "out",
              "path": "/nix/store/qc3px87rngm5yawc4j7ij208gsjqdjl6-nss-3.90.2",
              "default": true
            },
            {
              "name": "dev",
              "path": "/nix/store/i639c9irq3qfhgqicc0skkigrmmjm78d-nss-3.90.2-dev"
            },
            {
              "name": "tools",
              "path": "/nix/store/gs4mv829kf58pgm0r0521y50dwrrgbm8-nss-3.90.2-tools"
            }
          ],
          "store_path": "/nix/store/qc3px87rngm5yawc4j7ij208gsjqdjl6-nss-3.90.2"
        },
        "x86_64-darwin": {
          "outputs": [
            {
              "name": "out",
              "path": "/nix/store/ywfvins8rgqmlq5wkv0rb0xgkg1rym2f-nss-3.90.2",
              "default": true
            },
            {
              "name": "tools",
              "path": "/nix/store/pgdb0zfn7g3jc801zigm0z1lzr9rwnw7-nss-3.90.2-tools"
            },
            {
              "name": "dev",
              "path": "/nix/store/fj8cb8wds2wwad9824i7pri7qkcgvz4g-nss-3.90.2-dev"
            }
          ],
          "store_path": "/nix/store/ywfvins8rgqmlq5wkv0rb0xgkg1rym2f-nss-3.90.2"
        },
        "x86_64-linux": {
          "outputs": [
            {
              "name": "out",
              "path": "/nix/store/ki3jhy296p3h4ksvwj9xfysb012v7xir-nss-3.90.2",
              "default": true
            },
            {
              "name": "tools",
              "path": "/nix/store/av7siy13mfsirr9zv6v90dd22bpdndh4-nss-3.90.2-tools"
            },
            {
              "name": "dev",
              "path": "/nix/store/w22cs6j935mngrr3snz3b9rp7wxh1c5j-nss-3.90.2-dev"
            }
          ],
          "store_path": "/nix/store/ki3jhy296p3h4ksvwj9xfysb012v7xir-nss-3.90.2"
        }
      }
    }
  }
}
